
Microsoft Visual Studio Solution File, Format Version 12.00
# Visual Studio Version 17
VisualStudioVersion = 17.4.33213.308
MinimumVisualStudioVersion = 10.0.40219.1
Project("{9A19103F-16F7-4668-BE54-9A1E7A4F7556}") = "DVS-LAConsumption-BulkFailedRunsResubmit-Tool", "DVS-LAConsumption-BulkFailedRunsResubmit-Tool.csproj", "{EBBA6F8C-AB08-4627-B91E-724C4298E997}"
EndProject
Global
	GlobalSection(SolutionConfigurationPlatforms) = preSolution
		Debug|Any CPU = Debug|Any CPU
		Release|Any CPU = Release|Any CPU
	EndGlobalSection
	GlobalSection(ProjectConfigurationPlatforms) = postSolution
		{EBBA6F8C-AB08-4627-B91E-724C4298E997}.Debug|Any CPU.ActiveCfg = Debug|Any CPU
		{EBBA6F8C-AB08-4627-B91E-724C4298E997}.Debug|Any CPU.Build.0 = Debug|Any CPU
		{EBBA6F8C-AB08-4627-B91E-724C4298E997}.Release|Any CPU.ActiveCfg = Release|Any CPU
		{EBBA6F8C-AB08-4627-B91E-724C4298E997}.Release|Any CPU.Build.0 = Release|Any CPU
	EndGlobalSection
	GlobalSection(SolutionProperties) = preSolution
		HideSolutionNode = FALSE
	EndGlobalSection
	GlobalSection(ExtensibilityGlobals) = postSolution
		SolutionGuid = {4799A491-8D7C-411F-803B-8FD8C40DDFFA}
	EndGlobalSection
EndGlobal
